
Microsoft Visual Studio Solution File, Format Version 12.00
# Visual Studio 14
VisualStudioVersion = 14.0.25420.1
MinimumVisualStudioVersion = 10.0.40219.1
Project("{FAE04EC0-301F-11D3-BF4B-00C04F79EFBC}") = "ConsoleApplication1", "ConsoleApplication1\ConsoleApplication1.csproj", "{8D35474C-62AC-476C-87E7-8C99CF70B6FA}"
EndProject
Project("{FAE04EC0-301F-11D3-BF4B-00C04F79EFBC}") = "WindowsFormsApplication1", "WindowsFormsApplication1\WindowsFormsApplication1.csproj", "{E5D16BAA-D636-4C59-BDDE-6AFE65CA2FE4}"
EndProject
Project("{FAE04EC0-301F-11D3-BF4B-00C04F79EFBC}") = "ConsoleApplication2", "ConsoleApplication2\ConsoleApplication2.csproj", "{D6C5A79A-7FEC-44B6-AF3B-37B95E369367}"
EndProject
Project("{FAE04EC0-301F-11D3-BF4B-00C04F79EFBC}") = "ConsoleApplication3", "ConsoleApplication3\ConsoleApplication3.csproj", "{057EFD1D-B354-430A-9A04-40E914E6FD99}"
EndProject
Project("{FAE04EC0-301F-11D3-BF4B-00C04F79EFBC}") = "ConsoleApplication5", "ConsoleApplication5\ConsoleApplication5.csproj", "{BBEB3053-33DC-44AC-BBD5-E924B27E1A2F}"
EndProject
Project("{FAE04EC0-301F-11D3-BF4B-00C04F79EFBC}") = "ConsoleApplication6", "ConsoleApplication6\ConsoleApplication6.csproj", "{6B220244-A6F7-4F91-ADAA-55EFC050EC49}"
EndProject
Project("{FAE04EC0-301F-11D3-BF4B-00C04F79EFBC}") = "ConsoleApplication7", "ConsoleApplication7\ConsoleApplication7.csproj", "{CB662607-1B3C-4EE6-90DB-3D7201195C56}"
EndProject
Project("{FAE04EC0-301F-11D3-BF4B-00C04F79EFBC}") = "ConsoleApplication8", "ConsoleApplication8\ConsoleApplication8.csproj", "{61C297B3-1D32-4E25-AE36-2FCA37048A00}"
EndProject
Project("{FAE04EC0-301F-11D3-BF4B-00C04F79EFBC}") = "ConsoleApplication9", "ConsoleApplication9\ConsoleApplication9.csproj", "{8598A556-F08A-49DA-B7AF-8AE5DC1EDC4B}"
EndProject
Project("{FAE04EC0-301F-11D3-BF4B-00C04F79EFBC}") = "ConsoleApplication10", "ConsoleApplication10\ConsoleApplication10.csproj", "{DF6E2648-75C9-4515-A870-6A8537355735}"
EndProject
Project("{FAE04EC0-301F-11D3-BF4B-00C04F79EFBC}") = "构造函数与析构函数", "构造函数\构造函数与析构函数.csproj", "{5C76BD06-B79D-4CFA-8AB8-BD6BE4AEDEFA}"
EndProject
Global
	GlobalSection(SolutionConfigurationPlatforms) = preSolution
		Debug|Any CPU = Debug|Any CPU
		Release|Any CPU = Release|Any CPU
	EndGlobalSection
	GlobalSection(ProjectConfigurationPlatforms) = postSolution
		{8D35474C-62AC-476C-87E7-8C99CF70B6FA}.Debug|Any CPU.ActiveCfg = Debug|Any CPU
		{8D35474C-62AC-476C-87E7-8C99CF70B6FA}.Debug|Any CPU.Build.0 = Debug|Any CPU
		{8D35474C-62AC-476C-87E7-8C99CF70B6FA}.Release|Any CPU.ActiveCfg = Release|Any CPU
		{8D35474C-62AC-476C-87E7-8C99CF70B6FA}.Release|Any CPU.Build.0 = Release|Any CPU
		{E5D16BAA-D636-4C59-BDDE-6AFE65CA2FE4}.Debug|Any CPU.ActiveCfg = Debug|Any CPU
		{E5D16BAA-D636-4C59-BDDE-6AFE65CA2FE4}.Debug|Any CPU.Build.0 = Debug|Any CPU
		{E5D16BAA-D636-4C59-BDDE-6AFE65CA2FE4}.Release|Any CPU.ActiveCfg = Release|Any CPU
		{E5D16BAA-D636-4C59-BDDE-6AFE65CA2FE4}.Release|Any CPU.Build.0 = Release|Any CPU
		{D6C5A79A-7FEC-44B6-AF3B-37B95E369367}.Debug|Any CPU.ActiveCfg = Debug|Any CPU
		{D6C5A79A-7FEC-44B6-AF3B-37B95E369367}.Debug|Any CPU.Build.0 = Debug|Any CPU
		{D6C5A79A-7FEC-44B6-AF3B-37B95E369367}.Release|Any CPU.ActiveCfg = Release|Any CPU
		{D6C5A79A-7FEC-44B6-AF3B-37B95E369367}.Release|Any CPU.Build.0 = Release|Any CPU
		{057EFD1D-B354-430A-9A04-40E914E6FD99}.Debug|Any CPU.ActiveCfg = Debug|Any CPU
		{057EFD1D-B354-430A-9A04-40E914E6FD99}.Debug|Any CPU.Build.0 = Debug|Any CPU
		{057EFD1D-B354-430A-9A04-40E914E6FD99}.Release|Any CPU.ActiveCfg = Release|Any CPU
		{057EFD1D-B354-430A-9A04-40E914E6FD99}.Release|Any CPU.Build.0 = Release|Any CPU
		{BBEB3053-33DC-44AC-BBD5-E924B27E1A2F}.Debug|Any CPU.ActiveCfg = Debug|Any CPU
		{BBEB3053-33DC-44AC-BBD5-E924B27E1A2F}.Debug|Any CPU.Build.0 = Debug|Any CPU
		{BBEB3053-33DC-44AC-BBD5-E924B27E1A2F}.Release|Any CPU.ActiveCfg = Release|Any CPU
		{BBEB3053-33DC-44AC-BBD5-E924B27E1A2F}.Release|Any CPU.Build.0 = Release|Any CPU
		{6B220244-A6F7-4F91-ADAA-55EFC050EC49}.Debug|Any CPU.ActiveCfg = Debug|Any CPU
		{6B220244-A6F7-4F91-ADAA-55EFC050EC49}.Debug|Any CPU.Build.0 = Debug|Any CPU
		{6B220244-A6F7-4F91-ADAA-55EFC050EC49}.Release|Any CPU.ActiveCfg = Release|Any CPU
		{6B220244-A6F7-4F91-ADAA-55EFC050EC49}.Release|Any CPU.Build.0 = Release|Any CPU
		{CB662607-1B3C-4EE6-90DB-3D7201195C56}.Debug|Any CPU.ActiveCfg = Debug|Any CPU
		{CB662607-1B3C-4EE6-90DB-3D7201195C56}.Debug|Any CPU.Build.0 = Debug|Any CPU
		{CB662607-1B3C-4EE6-90DB-3D7201195C56}.Release|Any CPU.ActiveCfg = Release|Any CPU
		{CB662607-1B3C-4EE6-90DB-3D7201195C56}.Release|Any CPU.Build.0 = Release|Any CPU
		{61C297B3-1D32-4E25-AE36-2FCA37048A00}.Debug|Any CPU.ActiveCfg = Debug|Any CPU
		{61C297B3-1D32-4E25-AE36-2FCA37048A00}.Debug|Any CPU.Build.0 = Debug|Any CPU
		{61C297B3-1D32-4E25-AE36-2FCA37048A00}.Release|Any CPU.ActiveCfg = Release|Any CPU
		{61C297B3-1D32-4E25-AE36-2FCA37048A00}.Release|Any CPU.Build.0 = Release|Any CPU
		{8598A556-F08A-49DA-B7AF-8AE5DC1EDC4B}.Debug|Any CPU.ActiveCfg = Debug|Any CPU
		{8598A556-F08A-49DA-B7AF-8AE5DC1EDC4B}.Debug|Any CPU.Build.0 = Debug|Any CPU
		{8598A556-F08A-49DA-B7AF-8AE5DC1EDC4B}.Release|Any CPU.ActiveCfg = Release|Any CPU
		{8598A556-F08A-49DA-B7AF-8AE5DC1EDC4B}.Release|Any CPU.Build.0 = Release|Any CPU
		{DF6E2648-75C9-4515-A870-6A8537355735}.Debug|Any CPU.ActiveCfg = Debug|Any CPU
		{DF6E2648-75C9-4515-A870-6A8537355735}.Debug|Any CPU.Build.0 = Debug|Any CPU
		{DF6E2648-75C9-4515-A870-6A8537355735}.Release|Any CPU.ActiveCfg = Release|Any CPU
		{DF6E2648-75C9-4515-A870-6A8537355735}.Release|Any CPU.Build.0 = Release|Any CPU
		{5C76BD06-B79D-4CFA-8AB8-BD6BE4AEDEFA}.Debug|Any CPU.ActiveCfg = Debug|Any CPU
		{5C76BD06-B79D-4CFA-8AB8-BD6BE4AEDEFA}.Debug|Any CPU.Build.0 = Debug|Any CPU
		{5C76BD06-B79D-4CFA-8AB8-BD6BE4AEDEFA}.Release|Any CPU.ActiveCfg = Release|Any CPU
		{5C76BD06-B79D-4CFA-8AB8-BD6BE4AEDEFA}.Release|Any CPU.Build.0 = Release|Any CPU
	EndGlobalSection
	GlobalSection(SolutionProperties) = preSolution
		HideSolutionNode = FALSE
	EndGlobalSection
EndGlobal
